// !$*UTF8*$!
{
	archiveVersion = 1;
	classes = {
	};
	objectVersion = 46;
	objects = {

/* Begin PBXBuildFile section */
		AD57DCF39D143338D7665DC9 /* Pods_Quiz.framework in Frameworks */ = {isa = PBXBuildFile; fileRef = F74F860DFC5BA1CB1A957A67 /* Pods_Quiz.framework */; };
		FC2EA5AC1F679650008894F0 /* AppDelegate.swift in Sources */ = {isa = PBXBuildFile; fileRef = FC2EA5AB1F679650008894F0 /* AppDelegate.swift */; };
		FC2EA5AE1F679650008894F0 /* ViewController.swift in Sources */ = {isa = PBXBuildFile; fileRef = FC2EA5AD1F679650008894F0 /* ViewController.swift */; };
		FC2EA5B11F679650008894F0 /* Main.storyboard in Resources */ = {isa = PBXBuildFile; fileRef = FC2EA5AF1F679650008894F0 /* Main.storyboard */; };
		FC2EA5B31F679650008894F0 /* Assets.xcassets in Resources */ = {isa = PBXBuildFile; fileRef = FC2EA5B21F679650008894F0 /* Assets.xcassets */; };
		FC2EA5B61F679650008894F0 /* LaunchScreen.storyboard in Resources */ = {isa = PBXBuildFile; fileRef = FC2EA5B41F679650008894F0 /* LaunchScreen.storyboard */; };
		FC5997E91F79836F00AED032 /* GoBackDelegate.swift in Sources */ = {isa = PBXBuildFile; fileRef = FC5997E81F79836F00AED032 /* GoBackDelegate.swift */; };
		FC5997EB1F7984B400AED032 /* ResultTableViewCell.swift in Sources */ = {isa = PBXBuildFile; fileRef = FC5997EA1F7984B400AED032 /* ResultTableViewCell.swift */; };
		FC8C0F541F826B1A009F3D97 /* Question.swift in Sources */ = {isa = PBXBuildFile; fileRef = FC8C0F531F826B1A009F3D97 /* Question.swift */; };
		FC9250F81F70991400C79B87 /* ShowScoreController.swift in Sources */ = {isa = PBXBuildFile; fileRef = FC9250F71F70991400C79B87 /* ShowScoreController.swift */; };
		FC9ABED71F8356A9005656A4 /* APIManager.swift in Sources */ = {isa = PBXBuildFile; fileRef = FC9ABED61F8356A9005656A4 /* APIManager.swift */; };
		FCF6E7DA1F82B3130003C60A /* Quiz.swift in Sources */ = {isa = PBXBuildFile; fileRef = FCF6E7D91F82B3130003C60A /* Quiz.swift */; };
/* End PBXBuildFile section */

/* Begin PBXFileReference section */
		54AAAE6E6B6B198625D14B35 /* Pods-Quiz.debug.xcconfig */ = {isa = PBXFileReference; includeInIndex = 1; lastKnownFileType = text.xcconfig; name = "Pods-Quiz.debug.xcconfig"; path = "Pods/Target Support Files/Pods-Quiz/Pods-Quiz.debug.xcconfig"; sourceTree = "<group>"; };
		D37DD713888629E961891C48 /* Pods-Quiz.release.xcconfig */ = {isa = PBXFileReference; includeInIndex = 1; lastKnownFileType = text.xcconfig; name = "Pods-Quiz.release.xcconfig"; path = "Pods/Target Support Files/Pods-Quiz/Pods-Quiz.release.xcconfig"; sourceTree = "<group>"; };
		F74F860DFC5BA1CB1A957A67 /* Pods_Quiz.framework */ = {isa = PBXFileReference; explicitFileType = wrapper.framework; includeInIndex = 0; path = Pods_Quiz.framework; sourceTree = BUILT_PRODUCTS_DIR; };
		FC20A31A1F93E3EF008AFA2B /* Instructions.framework */ = {isa = PBXFileReference; explicitFileType = wrapper.framework; path = Instructions.framework; sourceTree = BUILT_PRODUCTS_DIR; };
		FC2EA5A81F679650008894F0 /* Quiz.app */ = {isa = PBXFileReference; explicitFileType = wrapper.application; includeInIndex = 0; path = Quiz.app; sourceTree = BUILT_PRODUCTS_DIR; };
		FC2EA5AB1F679650008894F0 /* AppDelegate.swift */ = {isa = PBXFileReference; lastKnownFileType = sourcecode.swift; path = AppDelegate.swift; sourceTree = "<group>"; };
		FC2EA5AD1F679650008894F0 /* ViewController.swift */ = {isa = PBXFileReference; lastKnownFileType = sourcecode.swift; path = ViewController.swift; sourceTree = "<group>"; };
		FC2EA5B01F679650008894F0 /* Base */ = {isa = PBXFileReference; lastKnownFileType = file.storyboard; name = Base; path = Base.lproj/Main.storyboard; sourceTree = "<group>"; };
		FC2EA5B21F679650008894F0 /* Assets.xcassets */ = {isa = PBXFileReference; lastKnownFileType = folder.assetcatalog; path = Assets.xcassets; sourceTree = "<group>"; };
		FC2EA5B51F679650008894F0 /* Base */ = {isa = PBXFileReference; lastKnownFileType = file.storyboard; name = Base; path = Base.lproj/LaunchScreen.storyboard; sourceTree = "<group>"; };
		FC2EA5B71F679650008894F0 /* Info.plist */ = {isa = PBXFileReference; lastKnownFileType = text.plist.xml; path = Info.plist; sourceTree = "<group>"; };
		FC5997E81F79836F00AED032 /* GoBackDelegate.swift */ = {isa = PBXFileReference; lastKnownFileType = sourcecode.swift; path = GoBackDelegate.swift; sourceTree = "<group>"; };
		FC5997EA1F7984B400AED032 /* ResultTableViewCell.swift */ = {isa = PBXFileReference; lastKnownFileType = sourcecode.swift; path = ResultTableViewCell.swift; sourceTree = "<group>"; };
		FC8C0F531F826B1A009F3D97 /* Question.swift */ = {isa = PBXFileReference; lastKnownFileType = sourcecode.swift; path = Question.swift; sourceTree = "<group>"; };
		FC9250F71F70991400C79B87 /* ShowScoreController.swift */ = {isa = PBXFileReference; fileEncoding = 4; lastKnownFileType = sourcecode.swift; path = ShowScoreController.swift; sourceTree = "<group>"; };
		FC9ABED61F8356A9005656A4 /* APIManager.swift */ = {isa = PBXFileReference; lastKnownFileType = sourcecode.swift; path = APIManager.swift; sourceTree = "<group>"; };
		FCF6E7D91F82B3130003C60A /* Quiz.swift */ = {isa = PBXFileReference; lastKnownFileType = sourcecode.swift; path = Quiz.swift; sourceTree = "<group>"; };
/* End PBXFileReference section */

/* Begin PBXFrameworksBuildPhase section */
		FC2EA5A51F679650008894F0 /* Frameworks */ = {
			isa = PBXFrameworksBuildPhase;
			buildActionMask = 2147483647;
			files = (
				AD57DCF39D143338D7665DC9 /* Pods_Quiz.framework in Frameworks */,
			);
			runOnlyForDeploymentPostprocessing = 0;
		};
/* End PBXFrameworksBuildPhase section */

/* Begin PBXGroup section */
		671BE14C8C0459FAB099317A /* Pods */ = {
			isa = PBXGroup;
			children = (
				54AAAE6E6B6B198625D14B35 /* Pods-Quiz.debug.xcconfig */,
				D37DD713888629E961891C48 /* Pods-Quiz.release.xcconfig */,
			);
			name = Pods;
			sourceTree = "<group>";
		};
		F6C2DBF2B71DC2EB5CFA4B46 /* Frameworks */ = {
			isa = PBXGroup;
			children = (
				FC20A31A1F93E3EF008AFA2B /* Instructions.framework */,
				F74F860DFC5BA1CB1A957A67 /* Pods_Quiz.framework */,
			);
			name = Frameworks;
			sourceTree = "<group>";
		};
		FC2EA59F1F679650008894F0 = {
			isa = PBXGroup;
			children = (
				FC2EA5AA1F679650008894F0 /* Quiz */,
				FC2EA5A91F679650008894F0 /* Products */,
				671BE14C8C0459FAB099317A /* Pods */,
				F6C2DBF2B71DC2EB5CFA4B46 /* Frameworks */,
			);
			sourceTree = "<group>";
		};
		FC2EA5A91F679650008894F0 /* Products */ = {
			isa = PBXGroup;
			children = (
				FC2EA5A81F679650008894F0 /* Quiz.app */,
			);
			name = Products;
			sourceTree = "<group>";
		};
		FC2EA5AA1F679650008894F0 /* Quiz */ = {
			isa = PBXGroup;
			children = (
				FC2EA5AB1F679650008894F0 /* AppDelegate.swift */,
				FC2EA5AD1F679650008894F0 /* ViewController.swift */,
				FC2EA5AF1F679650008894F0 /* Main.storyboard */,
				FC2EA5B21F679650008894F0 /* Assets.xcassets */,
				FC2EA5B41F679650008894F0 /* LaunchScreen.storyboard */,
				FC2EA5B71F679650008894F0 /* Info.plist */,
				FC9250F71F70991400C79B87 /* ShowScoreController.swift */,
				FC5997E81F79836F00AED032 /* GoBackDelegate.swift */,
				FC5997EA1F7984B400AED032 /* ResultTableViewCell.swift */,
				FC8C0F531F826B1A009F3D97 /* Question.swift */,
				FCF6E7D91F82B3130003C60A /* Quiz.swift */,
				FC9ABED61F8356A9005656A4 /* APIManager.swift */,
			);
			path = Quiz;
			sourceTree = "<group>";
		};
/* End PBXGroup section */

/* Begin PBXNativeTarget section */
		FC2EA5A71F679650008894F0 /* Quiz */ = {
			isa = PBXNativeTarget;
			buildConfigurationList = FC2EA5BA1F679650008894F0 /* Build configuration list for PBXNativeTarget "Quiz" */;
			buildPhases = (
				227B765623E4F9FAD1356802 /* [CP] Check Pods Manifest.lock */,
				FC2EA5A41F679650008894F0 /* Sources */,
				FC2EA5A51F679650008894F0 /* Frameworks */,
				FC2EA5A61F679650008894F0 /* Resources */,
				7F150845EB9D95A5390DDDAC /* [CP] Embed Pods Frameworks */,
				18C7E41E1AD7783472739C4B /* [CP] Copy Pods Resources */,
			);
			buildRules = (
			);
			dependencies = (
			);
			name = Quiz;
			productName = Quiz;
			productReference = FC2EA5A81F679650008894F0 /* Quiz.app */;
			productType = "com.apple.product-type.application";
		};
/* End PBXNativeTarget section */

/* Begin PBXProject section */
		FC2EA5A01F679650008894F0 /* Project object */ = {
			isa = PBXProject;
			attributes = {
				LastSwiftUpdateCheck = 0830;
				LastUpgradeCheck = 0830;
				ORGANIZATIONNAME = "Aizhan Yerimbetova";
				TargetAttributes = {
					FC2EA5A71F679650008894F0 = {
						CreatedOnToolsVersion = 8.3.3;
						DevelopmentTeam = 39KYG8L6J5;
						ProvisioningStyle = Automatic;
					};
				};
			};
			buildConfigurationList = FC2EA5A31F679650008894F0 /* Build configuration list for PBXProject "Quiz" */;
			compatibilityVersion = "Xcode 3.2";
			developmentRegion = English;
			hasScannedForEncodings = 0;
			knownRegions = (
				en,
				Base,
			);
			mainGroup = FC2EA59F1F679650008894F0;
			productRefGroup = FC2EA5A91F679650008894F0 /* Products */;
			projectDirPath = "";
			projectRoot = "";
			targets = (
				FC2EA5A71F679650008894F0 /* Quiz */,
			);
		};
/* End PBXProject section */

/* Begin PBXResourcesBuildPhase section */
		FC2EA5A61F679650008894F0 /* Resources */ = {
			isa = PBXResourcesBuildPhase;
			buildActionMask = 2147483647;
			files = (
				FC2EA5B61F679650008894F0 /* LaunchScreen.storyboard in Resources */,
				FC2EA5B31F679650008894F0 /* Assets.xcassets in Resources */,
				FC2EA5B11F679650008894F0 /* Main.storyboard in Resources */,
			);
			runOnlyForDeploymentPostprocessing = 0;
		};
/* End PBXResourcesBuildPhase section */

/* Begin PBXShellScriptBuildPhase section */
		18C7E41E1AD7783472739C4B /* [CP] Copy Pods Resources */ = {
			isa = PBXShellScriptBuildPhase;
			buildActionMask = 2147483647;
			files = (
			);
			inputPaths = (
			);
			name = "[CP] Copy Pods Resources";
			outputPaths = (
			);
			runOnlyForDeploymentPostprocessing = 0;
			shellPath = /bin/sh;
			shellScript = "\"${SRCROOT}/Pods/Target Support Files/Pods-Quiz/Pods-Quiz-resources.sh\"\n";
			showEnvVarsInLog = 0;
		};
		227B765623E4F9FAD1356802 /* [CP] Check Pods Manifest.lock */ = {
			isa = PBXShellScriptBuildPhase;
			buildActionMask = 2147483647;
			files = (
			);
			inputPaths = (
				"${PODS_PODFILE_DIR_PATH}/Podfile.lock",
				"${PODS_ROOT}/Manifest.lock",
			);
			name = "[CP] Check Pods Manifest.lock";
			outputPaths = (
				"$(DERIVED_FILE_DIR)/Pods-Quiz-checkManifestLockResult.txt",
			);
			runOnlyForDeploymentPostprocessing = 0;
			shellPath = /bin/sh;
			shellScript = "diff \"${PODS_PODFILE_DIR_PATH}/Podfile.lock\" \"${PODS_ROOT}/Manifest.lock\" > /dev/null\nif [ $? != 0 ] ; then\n    # print error to STDERR\n    echo \"error: The sandbox is not in sync with the Podfile.lock. Run 'pod install' or update your CocoaPods installation.\" >&2\n    exit 1\nfi\n# This output is used by Xcode 'outputs' to avoid re-running this script phase.\necho \"SUCCESS\" > \"${SCRIPT_OUTPUT_FILE_0}\"\n";
			showEnvVarsInLog = 0;
		};
		7F150845EB9D95A5390DDDAC /* [CP] Embed Pods Frameworks */ = {
			isa = PBXShellScriptBuildPhase;
			buildActionMask = 2147483647;
			files = (
			);
			inputPaths = (
				"${SRCROOT}/Pods/Target Support Files/Pods-Quiz/Pods-Quiz-frameworks.sh",
				"${BUILT_PRODUCTS_DIR}/Alamofire/Alamofire.framework",
				"${BUILT_PRODUCTS_DIR}/Instructions/Instructions.framework",
			);
			name = "[CP] Embed Pods Frameworks";
			outputPaths = (
				"${TARGET_BUILD_DIR}/${FRAMEWORKS_FOLDER_PATH}/Alamofire.framework",
				"${TARGET_BUILD_DIR}/${FRAMEWORKS_FOLDER_PATH}/Instructions.framework",
			);
			runOnlyForDeploymentPostprocessing = 0;
			shellPath = /bin/sh;
			shellScript = "\"${SRCROOT}/Pods/Target Support Files/Pods-Quiz/Pods-Quiz-frameworks.sh\"\n";
			showEnvVarsInLog = 0;
		};
/* End PBXShellScriptBuildPhase section */

/* Begin PBXSourcesBuildPhase section */
		FC2EA5A41F679650008894F0 /* Sources */ = {
			isa = PBXSourcesBuildPhase;
			buildActionMask = 2147483647;
			files = (
				FC9ABED71F8356A9005656A4 /* APIManager.swift in Sources */,
				FC2EA5AE1F679650008894F0 /* ViewController.swift in Sources */,
				FC5997E91F79836F00AED032 /* GoBackDelegate.swift in Sources */,
				FCF6E7DA1F82B3130003C60A /* Quiz.swift in Sources */,
				FC2EA5AC1F679650008894F0 /* AppDelegate.swift in Sources */,
				FC8C0F541F826B1A009F3D97 /* Question.swift in Sources */,
				FC5997EB1F7984B400AED032 /* ResultTableViewCell.swift in Sources */,
				FC9250F81F70991400C79B87 /* ShowScoreController.swift in Sources */,
			);
			runOnlyForDeploymentPostprocessing = 0;
		};
/* End PBXSourcesBuildPhase section */

/* Begin PBXVariantGroup section */
		FC2EA5AF1F679650008894F0 /* Main.storyboard */ = {
			isa = PBXVariantGroup;
			children = (
				FC2EA5B01F679650008894F0 /* Base */,
			);
			name = Main.storyboard;
			sourceTree = "<group>";
		};
		FC2EA5B41F679650008894F0 /* LaunchScreen.storyboard */ = {
			isa = PBXVariantGroup;
			children = (
				FC2EA5B51F679650008894F0 /* Base */,
			);
			name = LaunchScreen.storyboard;
			sourceTree = "<group>";
		};
/* End PBXVariantGroup section */

/* Begin XCBuildConfiguration section */
		FC2EA5B81F679650008894F0 /* Debug */ = {
			isa = XCBuildConfiguration;
			buildSettings = {
				ALWAYS_SEARCH_USER_PATHS = NO;
				CLANG_ANALYZER_NONNULL = YES;
				CLANG_ANALYZER_NUMBER_OBJECT_CONVERSION = YES_AGGRESSIVE;
				CLANG_CXX_LANGUAGE_STANDARD = "gnu++0x";
				CLANG_CXX_LIBRARY = "libc++";
				CLANG_ENABLE_MODULES = YES;
				CLANG_ENABLE_OBJC_ARC = YES;
				CLANG_WARN_BOOL_CONVERSION = YES;
				CLANG_WARN_CONSTANT_CONVERSION = YES;
				CLANG_WARN_DIRECT_OBJC_ISA_USAGE = YES_ERROR;
				CLANG_WARN_DOCUMENTATION_COMMENTS = YES;
				CLANG_WARN_EMPTY_BODY = YES;
				CLANG_WARN_ENUM_CONVERSION = YES;
				CLANG_WARN_INFINITE_RECURSION = YES;
				CLANG_WARN_INT_CONVERSION = YES;
				CLANG_WARN_OBJC_ROOT_CLASS = YES_ERROR;
				CLANG_WARN_SUSPICIOUS_MOVE = YES;
				CLANG_WARN_UNREACHABLE_CODE = YES;
				CLANG_WARN__DUPLICATE_METHOD_MATCH = YES;
				"CODE_SIGN_IDENTITY[sdk=iphoneos*]" = "iPhone Developer";
				COPY_PHASE_STRIP = NO;
				DEBUG_INFORMATION_FORMAT = dwarf;
				ENABLE_STRICT_OBJC_MSGSEND = YES;
				ENABLE_TESTABILITY = YES;
				GCC_C_LANGUAGE_STANDARD = gnu99;
				GCC_DYNAMIC_NO_PIC = NO;
				GCC_NO_COMMON_BLOCKS = YES;
				GCC_OPTIMIZATION_LEVEL = 0;
				GCC_PREPROCESSOR_DEFINITIONS = (
					"DEBUG=1",
					"$(inherited)",
				);
				GCC_WARN_64_TO_32_BIT_CONVERSION = YES;
				GCC_WARN_ABOUT_RETURN_TYPE = YES_ERROR;
				GCC_WARN_UNDECLARED_SELECTOR = YES;
				GCC_WARN_UNINITIALIZED_AUTOS = YES_AGGRESSIVE;
				GCC_WARN_UNUSED_FUNCTION = YES;
				GCC_WARN_UNUSED_VARIABLE = YES;
				IPHONEOS_DEPLOYMENT_TARGET = 10.3;
				MTL_ENABLE_DEBUG_INFO = YES;
				ONLY_ACTIVE_ARCH = YES;
				SDKROOT = iphoneos;
				SWIFT_ACTIVE_COMPILATION_CONDITIONS = DEBUG;
				SWIFT_OPTIMIZATION_LEVEL = "-Onone";
				TARGETED_DEVICE_FAMILY = "1,2";
			};
			name = Debug;
		};
		FC2EA5B91F679650008894F0 /* Release */ = {
			isa = XCBuildConfiguration;
			buildSettings = {
				ALWAYS_SEARCH_USER_PATHS = NO;
				CLANG_ANALYZER_NONNULL = YES;
				CLANG_ANALYZER_NUMBER_OBJECT_CONVERSION = YES_AGGRESSIVE;
				CLANG_CXX_LANGUAGE_STANDARD = "gnu++0x";
				CLANG_CXX_LIBRARY = "libc++";
				CLANG_ENABLE_MODULES = YES;
				CLANG_ENABLE_OBJC_ARC = YES;
				CLANG_WARN_BOOL_CONVERSION = YES;
				CLANG_WARN_CONSTANT_CONVERSION = YES;
				CLANG_WARN_DIRECT_OBJC_ISA_USAGE = YES_ERROR;
				CLANG_WARN_DOCUMENTATION_COMMENTS = YES;
				CLANG_WARN_EMPTY_BODY = YES;
				CLANG_WARN_ENUM_CONVERSION = YES;
				CLANG_WARN_INFINITE_RECURSION = YES;
				CLANG_WARN_INT_CONVERSION = YES;
				CLANG_WARN_OBJC_ROOT_CLASS = YES_ERROR;
				CLANG_WARN_SUSPICIOUS_MOVE = YES;
				CLANG_WARN_UNREACHABLE_CODE = YES;
				CLANG_WARN__DUPLICATE_METHOD_MATCH = YES;
				"CODE_SIGN_IDENTITY[sdk=iphoneos*]" = "iPhone Developer";
				COPY_PHASE_STRIP = NO;
				DEBUG_INFORMATION_FORMAT = "dwarf-with-dsym";
				ENABLE_NS_ASSERTIONS = NO;
				ENABLE_STRICT_OBJC_MSGSEND = YES;
				GCC_C_LANGUAGE_STANDARD = gnu99;
				GCC_NO_COMMON_BLOCKS = YES;
				GCC_WARN_64_TO_32_BIT_CONVERSION = YES;
				GCC_WARN_ABOUT_RETURN_TYPE = YES_ERROR;
				GCC_WARN_UNDECLARED_SELECTOR = YES;
				GCC_WARN_UNINITIALIZED_AUTOS = YES_AGGRESSIVE;
				GCC_WARN_UNUSED_FUNCTION = YES;
				GCC_WARN_UNUSED_VARIABLE = YES;
				IPHONEOS_DEPLOYMENT_TARGET = 10.3;
				MTL_ENABLE_DEBUG_INFO = NO;
				SDKROOT = iphoneos;
				SWIFT_OPTIMIZATION_LEVEL = "-Owholemodule";
				TARGETED_DEVICE_FAMILY = "1,2";
				VALIDATE_PRODUCT = YES;
			};
			name = Release;
		};
		FC2EA5BB1F679650008894F0 /* Debug */ = {
			isa = XCBuildConfiguration;
			baseConfigurationReference = 54AAAE6E6B6B198625D14B35 /* Pods-Quiz.debug.xcconfig */;
			buildSettings = {
				ASSETCATALOG_COMPILER_APPICON_NAME = AppIcon;
				"CODE_SIGN_IDENTITY[sdk=iphoneos*]" = "iPhone Developer";
				CODE_SIGN_STYLE = Automatic;
				DEVELOPMENT_TEAM = 39KYG8L6J5;
				INFOPLIST_FILE = Quiz/Info.plist;
				LD_RUNPATH_SEARCH_PATHS = "$(inherited) @executable_path/Frameworks";
				PRODUCT_BUNDLE_IDENTIFIER = AmusedInc.Quiz;
				PRODUCT_NAME = "$(TARGET_NAME)";
				PROVISIONING_PROFILE_SPECIFIER = "";
				SWIFT_VERSION = 3.0;
			};
			name = Debug;
		};
		FC2EA5BC1F679650008894F0 /* Release */ = {
			isa = XCBuildConfiguration;
			baseConfigurationReference = D37DD713888629E961891C48 /* Pods-Quiz.release.xcconfig */;
			buildSettings = {
				ASSETCATALOG_COMPILER_APPICON_NAME = AppIcon;
				"CODE_SIGN_IDENTITY[sdk=iphoneos*]" = "iPhone Developer";
				CODE_SIGN_STYLE = Automatic;
				DEVELOPMENT_TEAM = 39KYG8L6J5;
				INFOPLIST_FILE = Quiz/Info.plist;
				LD_RUNPATH_SEARCH_PATHS = "$(inherited) @executable_path/Frameworks";
				PRODUCT_BUNDLE_IDENTIFIER = AmusedInc.Quiz;
				PRODUCT_NAME = "$(TARGET_NAME)";
				PROVISIONING_PROFILE_SPECIFIER = "";
				SWIFT_VERSION = 3.0;
			};
			name = Release;
		};
/* End XCBuildConfiguration section */

/* Begin XCConfigurationList section */
		FC2EA5A31F679650008894F0 /* Build configuration list for PBXProject "Quiz" */ = {
			isa = XCConfigurationList;
			buildConfigurations = (
				FC2EA5B81F679650008894F0 /* Debug */,
				FC2EA5B91F679650008894F0 /* Release */,
			);
			defaultConfigurationIsVisible = 0;
			defaultConfigurationName = Release;
		};
		FC2EA5BA1F679650008894F0 /* Build configuration list for PBXNativeTarget "Quiz" */ = {
			isa = XCConfigurationList;
			buildConfigurations = (
				FC2EA5BB1F679650008894F0 /* Debug */,
				FC2EA5BC1F679650008894F0 /* Release */,
			);
			defaultConfigurationIsVisible = 0;
			defaultConfigurationName = Release;
		};
/* End XCConfigurationList section */
	};
	rootObject = FC2EA5A01F679650008894F0 /* Project object */;
}
